
Microsoft Visual Studio Solution File, Format Version 12.00
# Visual Studio Version 17
VisualStudioVersion = 17.14.36203.30 d17.14
MinimumVisualStudioVersion = 10.0.40219.1
Project("{FAE04EC0-301F-11D3-BF4B-00C04F79EFBC}") = "ClinicalApplications", "ClinicalApplications.csproj", "{FE3D5564-5E97-49BE-958A-4C0ED1376F1F}"
EndProject
Global
	GlobalSection(SolutionConfigurationPlatforms) = preSolution
		Debug|Any CPU = Debug|Any CPU
		Release|Any CPU = Release|Any CPU
	EndGlobalSection
	GlobalSection(ProjectConfigurationPlatforms) = postSolution
		{FE3D5564-5E97-49BE-958A-4C0ED1376F1F}.Debug|Any CPU.ActiveCfg = Debug|Any CPU
		{FE3D5564-5E97-49BE-958A-4C0ED1376F1F}.Debug|Any CPU.Build.0 = Debug|Any CPU
		{FE3D5564-5E97-49BE-958A-4C0ED1376F1F}.Release|Any CPU.ActiveCfg = Release|Any CPU
		{FE3D5564-5E97-49BE-958A-4C0ED1376F1F}.Release|Any CPU.Build.0 = Release|Any CPU
	EndGlobalSection
	GlobalSection(SolutionProperties) = preSolution
		HideSolutionNode = FALSE
	EndGlobalSection
	GlobalSection(ExtensibilityGlobals) = postSolution
		SolutionGuid = {5A75642F-D302-4269-8FDE-F3D8E530B81B}
	EndGlobalSection
EndGlobal
